babel==2.18.0 \
    --hash=sha256:e2b422b277c2b9a9630c1d7903c2a00d0830c409c59ac8cae9081c92f1aeba35
courlan==1.4.0 \
    --hash=sha256:ad1dbdefd912ca7238d4607dc855df5df097f56bac175dd662c84eed3802f49e
charset_normalizer==3.4.9 \
    --hash=sha256:04ce310cb89c15df659582aee80a0603788732a5e017d5bd5c81158106ce249c
dateparser==1.4.1 \
    --hash=sha256:f25d4e051a84be27a35bd297e3e1dc59ff78373701b89be352ba80372d22d0d0
htmldate==1.10.0 \
    --hash=sha256:9211dae35ab94147c8ed9e5fc2c9287a5cf31d2394cb7857e7f5dd814eb2aad6
justext==3.0.2 \
    --hash=sha256:62b1c562b15c3c6265e121cc070874243a443bfd53060e869393f09d6b6cc9a7
lxml==6.1.1 \
    --hash=sha256:18b73c339ae29b90fd2d06e58ebd555a751bde9cd6bbd36cc0281b9a2c94e9d8
lxml_html_clean==0.4.5 \
    --hash=sha256:c76fcadd1e5bfb9b8bafc2200d51e4e78eb0dad67f56881c21dfb6484c7e7746
regex==2026.7.10 \
    --hash=sha256:724ee9379568658ec06362cf24325c5315cc5a67f61dfe585bfeff58300a355b
tld==0.13.2 \
    --hash=sha256:9b8fdbdb880e7ba65b216a4937f2c94c49a7226723783d5838fc958ac76f4e0c
trafilatura==2.0.0 \
    --hash=sha256:77eb5d1e993747f6f20938e1de2d840020719735690c840b9a1024803a4cd51d
tzlocal==5.4.4 \
    --hash=sha256:aae09f0126a8a86fa736be266eb4a471380d26a0de3bc14844e7821fee3e2a15
